
Microsoft Visual Studio Solution File, Format Version 12.00
# Visual Studio Version 16
VisualStudioVersion = 16.0.31729.503
MinimumVisualStudioVersion = 10.0.40219.1
Project("{8BC9CEB8-8B4A-11D0-8D11-00A0C91BC942}") = "Complex", "Complex\Complex.vcxproj", "{EAF6EB09-21CA-435B-B746-94F345EA3493}"
EndProject
Project("{8BC9CEB8-8B4A-11D0-8D11-00A0C91BC942}") = "Banque", "Banque\Banque.vcxproj", "{51ACF220-A8B7-47EA-B1C1-C66689FBE2AA}"
EndProject
Project("{8BC9CEB8-8B4A-11D0-8D11-00A0C91BC942}") = "libTest", "libTest\libTest.vcxproj", "{16995D7C-3C4D-44F2-BEAE-3E29BC22F6DF}"
EndProject
Global
	GlobalSection(SolutionConfigurationPlatforms) = preSolution
		Debug|x64 = Debug|x64
		Debug|x86 = Debug|x86
		Release|x64 = Release|x64
		Release|x86 = Release|x86
	EndGlobalSection
	GlobalSection(ProjectConfigurationPlatforms) = postSolution
		{EAF6EB09-21CA-435B-B746-94F345EA3493}.Debug|x64.ActiveCfg = Debug|x64
		{EAF6EB09-21CA-435B-B746-94F345EA3493}.Debug|x64.Build.0 = Debug|x64
		{EAF6EB09-21CA-435B-B746-94F345EA3493}.Debug|x86.ActiveCfg = Debug|Win32
		{EAF6EB09-21CA-435B-B746-94F345EA3493}.Debug|x86.Build.0 = Debug|Win32
		{EAF6EB09-21CA-435B-B746-94F345EA3493}.Release|x64.ActiveCfg = Release|x64
		{EAF6EB09-21CA-435B-B746-94F345EA3493}.Release|x64.Build.0 = Release|x64
		{EAF6EB09-21CA-435B-B746-94F345EA3493}.Release|x86.ActiveCfg = Release|Win32
		{EAF6EB09-21CA-435B-B746-94F345EA3493}.Release|x86.Build.0 = Release|Win32
		{51ACF220-A8B7-47EA-B1C1-C66689FBE2AA}.Debug|x64.ActiveCfg = Debug|x64
		{51ACF220-A8B7-47EA-B1C1-C66689FBE2AA}.Debug|x64.Build.0 = Debug|x64
		{51ACF220-A8B7-47EA-B1C1-C66689FBE2AA}.Debug|x86.ActiveCfg = Debug|Win32
		{51ACF220-A8B7-47EA-B1C1-C66689FBE2AA}.Debug|x86.Build.0 = Debug|Win32
		{51ACF220-A8B7-47EA-B1C1-C66689FBE2AA}.Release|x64.ActiveCfg = Release|x64
		{51ACF220-A8B7-47EA-B1C1-C66689FBE2AA}.Release|x64.Build.0 = Release|x64
		{51ACF220-A8B7-47EA-B1C1-C66689FBE2AA}.Release|x86.ActiveCfg = Release|Win32
		{51ACF220-A8B7-47EA-B1C1-C66689FBE2AA}.Release|x86.Build.0 = Release|Win32
		{16995D7C-3C4D-44F2-BEAE-3E29BC22F6DF}.Debug|x64.ActiveCfg = Debug|x64
		{16995D7C-3C4D-44F2-BEAE-3E29BC22F6DF}.Debug|x64.Build.0 = Debug|x64
		{16995D7C-3C4D-44F2-BEAE-3E29BC22F6DF}.Debug|x86.ActiveCfg = Debug|Win32
		{16995D7C-3C4D-44F2-BEAE-3E29BC22F6DF}.Debug|x86.Build.0 = Debug|Win32
		{16995D7C-3C4D-44F2-BEAE-3E29BC22F6DF}.Release|x64.ActiveCfg = Release|x64
		{16995D7C-3C4D-44F2-BEAE-3E29BC22F6DF}.Release|x64.Build.0 = Release|x64
		{16995D7C-3C4D-44F2-BEAE-3E29BC22F6DF}.Release|x86.ActiveCfg = Release|Win32
		{16995D7C-3C4D-44F2-BEAE-3E29BC22F6DF}.Release|x86.Build.0 = Release|Win32
	EndGlobalSection
	GlobalSection(SolutionProperties) = preSolution
		HideSolutionNode = FALSE
	EndGlobalSection
	GlobalSection(ExtensibilityGlobals) = postSolution
		SolutionGuid = {C92D5A35-3357-4606-A811-536CA354A9CC}
	EndGlobalSection
EndGlobal
